
Microsoft Visual Studio Solution File, Format Version 12.00
# Visual Studio Version 17
VisualStudioVersion = 17.1.32210.238
MinimumVisualStudioVersion = 10.0.40219.1
Project("{FAE04EC0-301F-11D3-BF4B-00C04F79EFBC}") = "corte de cabello", "corte de cabello\corte de cabello.csproj", "{6827E535-3C39-4262-8AAC-1F9ABC8F3875}"
EndProject
Global
	GlobalSection(SolutionConfigurationPlatforms) = preSolution
		Debug|Any CPU = Debug|Any CPU
		Release|Any CPU = Release|Any CPU
	EndGlobalSection
	GlobalSection(ProjectConfigurationPlatforms) = postSolution
		{6827E535-3C39-4262-8AAC-1F9ABC8F3875}.Debug|Any CPU.ActiveCfg = Debug|Any CPU
		{6827E535-3C39-4262-8AAC-1F9ABC8F3875}.Debug|Any CPU.Build.0 = Debug|Any CPU
		{6827E535-3C39-4262-8AAC-1F9ABC8F3875}.Release|Any CPU.ActiveCfg = Release|Any CPU
		{6827E535-3C39-4262-8AAC-1F9ABC8F3875}.Release|Any CPU.Build.0 = Release|Any CPU
	EndGlobalSection
	GlobalSection(SolutionProperties) = preSolution
		HideSolutionNode = FALSE
	EndGlobalSection
	GlobalSection(ExtensibilityGlobals) = postSolution
		SolutionGuid = {8077A43F-3042-4ACF-9E0B-16F5CB045AFF}
	EndGlobalSection
EndGlobal
